
Microsoft Visual Studio Solution File, Format Version 12.00
# Visual Studio Version 16
VisualStudioVersion = 16.0.31129.286
MinimumVisualStudioVersion = 10.0.40219.1
Project("{FAE04EC0-301F-11D3-BF4B-00C04F79EFBC}") = "SplatterGenCubed", "SplatterGenCubed.csproj", "{8FAD32E5-F9E4-4B40-A613-39A7620DC03F}"
EndProject
Global
	GlobalSection(SolutionConfigurationPlatforms) = preSolution
		Debug|Any CPU = Debug|Any CPU
		Release|Any CPU = Release|Any CPU
	EndGlobalSection
	GlobalSection(ProjectConfigurationPlatforms) = postSolution
		{8FAD32E5-F9E4-4B40-A613-39A7620DC03F}.Debug|Any CPU.ActiveCfg = Debug|Any CPU
		{8FAD32E5-F9E4-4B40-A613-39A7620DC03F}.Debug|Any CPU.Build.0 = Debug|Any CPU
		{8FAD32E5-F9E4-4B40-A613-39A7620DC03F}.Release|Any CPU.ActiveCfg = Release|Any CPU
		{8FAD32E5-F9E4-4B40-A613-39A7620DC03F}.Release|Any CPU.Build.0 = Release|Any CPU
	EndGlobalSection
	GlobalSection(SolutionProperties) = preSolution
		HideSolutionNode = FALSE
	EndGlobalSection
	GlobalSection(ExtensibilityGlobals) = postSolution
		SolutionGuid = {FF319C42-A962-46F4-9CCD-75F2E4462CB5}
	EndGlobalSection
EndGlobal
